github.com/Doridian/streamdeck v0.0.0-20220907015624-9bf18f1d511d h1:J855qctgLxxjKlr9jIx5UzEM5JFEThBUxb8RsgtcJ4E=
github.com/Doridian/streamdeck v0.0.0-20220907015624-9bf18f1d511d/go.mod h1:kXoXMVG2OhbJPKU2/+N8XUE3ai3OpWyD/JQoBf08tIU=
github.com/jkassis/hid v0.0.0-20220630003547-398145ff2de0 h1:IqoamsmKdhHDYMGB8UcgkfJSskKjDRk8QRmRASPjoI8=
github.com/jkassis/hid v0.0.0-20220630003547-398145ff2de0/go.mod h1:FaE8INyixud6N8FKKU5G3QKZe8lJen9edxFZmGfqei0=
golang.org/x/image v0.0.0-20200119044424-58c23975cae1 h1:5h3ngYt7+vXCDZCup/HkCQgW5XwmSvR/nA2JmJ0RErg=
golang.org/x/image v0.0.0-20200119044424-58c23975cae1/go.mod h1:FeLwcggjj3mMvU+oOTbSwawSJRM1uh48EjtB4UJZlP0=
golang.org/x/text v0.3.0/go.mod h1:NqM8EUOU14njkJ3fqMW+pc6Ldnwhi/IjpwHt7yyuwOQ=
